
Microsoft Visual Studio Solution File, Format Version 12.00
# Visual Studio 15
VisualStudioVersion = 15.0.28307.1738
MinimumVisualStudioVersion = 10.0.40219.1
Project("{FAE04EC0-301F-11D3-BF4B-00C04F79EFBC}") = "CursoWindowsForms", "CursoWindowsForms\CursoWindowsForms.csproj", "{99EBF6D2-25C0-459B-A94E-D82A51FA4F6B}"
EndProject
Project("{FAE04EC0-301F-11D3-BF4B-00C04F79EFBC}") = "CursoWindowsFormsBiblioteca", "CursoWindowsFormsBiblioteca\CursoWindowsFormsBiblioteca.csproj", "{C08343F0-8155-45E3-A13D-63AD7635097B}"
EndProject
Global
	GlobalSection(SolutionConfigurationPlatforms) = preSolution
		Debug|Any CPU = Debug|Any CPU
		Release|Any CPU = Release|Any CPU
	EndGlobalSection
	GlobalSection(ProjectConfigurationPlatforms) = postSolution
		{99EBF6D2-25C0-459B-A94E-D82A51FA4F6B}.Debug|Any CPU.ActiveCfg = Debug|Any CPU
		{99EBF6D2-25C0-459B-A94E-D82A51FA4F6B}.Debug|Any CPU.Build.0 = Debug|Any CPU
		{99EBF6D2-25C0-459B-A94E-D82A51FA4F6B}.Release|Any CPU.ActiveCfg = Release|Any CPU
		{99EBF6D2-25C0-459B-A94E-D82A51FA4F6B}.Release|Any CPU.Build.0 = Release|Any CPU
		{C08343F0-8155-45E3-A13D-63AD7635097B}.Debug|Any CPU.ActiveCfg = Debug|Any CPU
		{C08343F0-8155-45E3-A13D-63AD7635097B}.Debug|Any CPU.Build.0 = Debug|Any CPU
		{C08343F0-8155-45E3-A13D-63AD7635097B}.Release|Any CPU.ActiveCfg = Release|Any CPU
		{C08343F0-8155-45E3-A13D-63AD7635097B}.Release|Any CPU.Build.0 = Release|Any CPU
	EndGlobalSection
	GlobalSection(SolutionProperties) = preSolution
		HideSolutionNode = FALSE
	EndGlobalSection
	GlobalSection(ExtensibilityGlobals) = postSolution
		SolutionGuid = {9A1579D3-912C-41C9-93AD-EB788D12C473}
	EndGlobalSection
EndGlobal
